# generated by rye
# use `rye lock` or `rye sync` to update this lockfile
#
# last locked with the following flags:
#   pre: false
#   features: []
#   all-features: false
#   with-sources: false

-e file:src/cnv
-e file:src/core
    # via ugbio-cnv
colorama==0.4.6
    # via simppl
contourpy==1.2.1
    # via matplotlib
cycler==0.12.1
    # via matplotlib
exceptiongroup==1.2.2
    # via pytest
fonttools==4.53.1
    # via matplotlib
iniconfig==2.0.0
    # via pytest
kiwisolver==1.4.5
    # via matplotlib
matplotlib==3.7.1
    # via seaborn
    # via ugbio-cnv
numpy==1.26.4
    # via contourpy
    # via matplotlib
    # via pandas
    # via seaborn
    # via ugbio-cnv
packaging==24.1
    # via matplotlib
    # via pytest
pandas==1.5.3
    # via seaborn
    # via ugbio-cnv
pillow==10.4.0
    # via matplotlib
pluggy==1.5.0
    # via pytest
pyparsing==3.1.2
    # via matplotlib
pysam==0.22.1
    # via ugbio-cnv
pytest==8.3.2
    # via simppl
python-dateutil==2.9.0.post0
    # via matplotlib
    # via pandas
pytz==2024.1
    # via pandas
seaborn==0.13.2
    # via ugbio-cnv
simppl==1.0.7
    # via ugbio-core
six==1.16.0
    # via python-dateutil
tomli==2.0.1
    # via pytest
